{
  "name": "@botbuildercommunity/dialogs-prompts",
  "version": "0.1.0",
  "lockfileVersion": 1,
  "requires": true,
  "dependencies": {
    "@microsoft/recognizers-text": {
      "version": "1.1.3",
      "resolved": "https://registry.npmjs.org/@microsoft/recognizers-text/-/recognizers-text-1.1.3.tgz",
      "integrity": "sha512-YTZvCFiYb0/pRSUdNXFh1cFt79IyfW4o0eMWCptjTs5qQRR8sk5ENXYlQd2/5jITJB7n+P5aJ5PwhxLnOs2KfA=="
    },
    "@microsoft/recognizers-text-choice": {
      "version": "1.0.1",
      "resolved": "https://registry.npmjs.org/@microsoft/recognizers-text-choice/-/recognizers-text-choice-1.0.1.tgz",
      "integrity": "sha512-2Vy2b4YVysm+3DnZObTfco2KSbGzgPKKI4TxrcY0tEsLJDfLxj9Nyxm2CJ6kd2X1MFlc53UB5ZWRhO32V2FAmw==",
      "requires": {
        "@microsoft/recognizers-text": "1.0.1",
        "grapheme-splitter": "1.0.4"
      },
      "dependencies": {
        "@microsoft/recognizers-text": {
          "version": "1.0.1",
          "resolved": "https://registry.npmjs.org/@microsoft/recognizers-text/-/recognizers-text-1.0.1.tgz",
          "integrity": "sha512-BZbI6YiLrWRd/jAYgSpLQ+Otl3WYMctefh7Myw6jqMdHhADaj5WpwOdf+yfJHZHOJWQh7lK2v50R6Y0g3TJ18w=="
        }
      }
    },
    "@microsoft/recognizers-text-date-time": {
      "version": "1.0.1",
      "resolved": "https://registry.npmjs.org/@microsoft/recognizers-text-date-time/-/recognizers-text-date-time-1.0.1.tgz",
      "integrity": "sha512-Tb8j+nDYSMe65pQhXh7hlm8uibfqliwbsUx6MY3g6ZlZnTzhq9cnzHYY1LILkJqlY5QtaGlUXr4BvW+a4SD8ew==",
      "requires": {
        "@microsoft/recognizers-text": "1.0.1",
        "@microsoft/recognizers-text-number": "1.0.1",
        "@microsoft/recognizers-text-number-with-unit": "1.0.1",
        "lodash.isequal": "4.5.0",
        "lodash.tonumber": "4.0.3"
      },
      "dependencies": {
        "@microsoft/recognizers-text": {
          "version": "1.0.1",
          "resolved": "https://registry.npmjs.org/@microsoft/recognizers-text/-/recognizers-text-1.0.1.tgz",
          "integrity": "sha512-BZbI6YiLrWRd/jAYgSpLQ+Otl3WYMctefh7Myw6jqMdHhADaj5WpwOdf+yfJHZHOJWQh7lK2v50R6Y0g3TJ18w=="
        },
        "@microsoft/recognizers-text-number": {
          "version": "1.0.1",
          "resolved": "https://registry.npmjs.org/@microsoft/recognizers-text-number/-/recognizers-text-number-1.0.1.tgz",
          "integrity": "sha512-eMhzRfWmzGaGdeBi+1vTtJ6AtTqhHNetJ+Rdt6isiv+R3+i18bzR2YzIOzIdHRhnApf0mbJG3wMEbWdWQBhvyg==",
          "requires": {
            "@microsoft/recognizers-text": "1.0.1",
            "bignumber.js": "4.1.0",
            "lodash.escaperegexp": "4.1.2",
            "lodash.sortby": "4.7.0",
            "lodash.trimend": "4.5.1",
            "xregexp": "3.2.0"
          }
        },
        "@microsoft/recognizers-text-number-with-unit": {
          "version": "1.0.1",
          "resolved": "https://registry.npmjs.org/@microsoft/recognizers-text-number-with-unit/-/recognizers-text-number-with-unit-1.0.1.tgz",
          "integrity": "sha512-g4Tum3sxkbeI52eYQX+h8t97Ww1TJi6M+bIpjB4/go7trmq/w005oFxnARmrJQNMQUukEHeQ0GGqR/uMe75SzA==",
          "requires": {
            "@microsoft/recognizers-text": "1.0.1",
            "@microsoft/recognizers-text-number": "1.0.1",
            "lodash.escaperegexp": "4.1.2",
            "lodash.last": "3.0.0",
            "lodash.max": "4.0.1"
          }
        },
        "bignumber.js": {
          "version": "4.1.0",
          "resolved": "https://registry.npmjs.org/bignumber.js/-/bignumber.js-4.1.0.tgz",
          "integrity": "sha512-eJzYkFYy9L4JzXsbymsFn3p54D+llV27oTQ+ziJG7WFRheJcNZilgVXMG0LoZtlQSKBsJdWtLFqOD0u+U0jZKA=="
        }
      }
    },
    "@microsoft/recognizers-text-number": {
      "version": "1.1.3",
      "resolved": "https://registry.npmjs.org/@microsoft/recognizers-text-number/-/recognizers-text-number-1.1.3.tgz",
      "integrity": "sha512-5V57eH/Y4d6J9fN1q2jAhFWVS7xvfrPomrxpSZVIa8I7oCcLxZJHyV4IGpuXVyp3Z81FkF3l0ByEKGo0YX2Glg==",
      "requires": {
        "@microsoft/recognizers-text": "1.1.3",
        "bignumber.js": "7.2.1",
        "lodash.escaperegexp": "4.1.2",
        "lodash.sortby": "4.7.0",
        "lodash.trimend": "4.5.1"
      }
    },
    "@microsoft/recognizers-text-number-with-unit": {
      "version": "1.1.3",
      "resolved": "https://registry.npmjs.org/@microsoft/recognizers-text-number-with-unit/-/recognizers-text-number-with-unit-1.1.3.tgz",
      "integrity": "sha512-pzla6gyAnNBch2lIXFngbBd/nnUuYy+pC2a04Muk/RQVExQvJm++qKbf5zuD5vibpa2a6SC2wQrGpULTofYDTQ==",
      "requires": {
        "@microsoft/recognizers-text": "1.1.3",
        "@microsoft/recognizers-text-number": "1.1.3",
        "lodash.escaperegexp": "4.1.2",
        "lodash.last": "3.0.0",
        "lodash.max": "4.0.1"
      }
    },
    "@microsoft/recognizers-text-sequence": {
      "version": "1.0.1",
      "resolved": "https://registry.npmjs.org/@microsoft/recognizers-text-sequence/-/recognizers-text-sequence-1.0.1.tgz",
      "integrity": "sha512-Dim6fpiW6xupx8aI4GLAqEunDkjxNZ5Ax9IjVVWhD9Qo9gG8EUQkt5l49zT2E5c5ZQAfU62XI7+KWll8Ymtf/g==",
      "requires": {
        "@microsoft/recognizers-text": "1.0.1",
        "grapheme-splitter": "1.0.4"
      },
      "dependencies": {
        "@microsoft/recognizers-text": {
          "version": "1.0.1",
          "resolved": "https://registry.npmjs.org/@microsoft/recognizers-text/-/recognizers-text-1.0.1.tgz",
          "integrity": "sha512-BZbI6YiLrWRd/jAYgSpLQ+Otl3WYMctefh7Myw6jqMdHhADaj5WpwOdf+yfJHZHOJWQh7lK2v50R6Y0g3TJ18w=="
        }
      }
    },
    "@microsoft/recognizers-text-suite": {
      "version": "1.0.1",
      "resolved": "https://registry.npmjs.org/@microsoft/recognizers-text-suite/-/recognizers-text-suite-1.0.1.tgz",
      "integrity": "sha512-7v1K1UjrLHSSKIcha8Dj0XyymkfyJ3BjXcWkC5YxN68XXzwM7gsJoHMBRkA8wPL0DRkRnu9dTTtMGTsBFvpWYw==",
      "requires": {
        "@microsoft/recognizers-text": "1.0.1",
        "@microsoft/recognizers-text-choice": "1.0.1",
        "@microsoft/recognizers-text-date-time": "1.0.1",
        "@microsoft/recognizers-text-number": "1.0.1",
        "@microsoft/recognizers-text-number-with-unit": "1.0.1",
        "@microsoft/recognizers-text-sequence": "1.0.1"
      },
      "dependencies": {
        "@microsoft/recognizers-text": {
          "version": "1.0.1",
          "resolved": "https://registry.npmjs.org/@microsoft/recognizers-text/-/recognizers-text-1.0.1.tgz",
          "integrity": "sha512-BZbI6YiLrWRd/jAYgSpLQ+Otl3WYMctefh7Myw6jqMdHhADaj5WpwOdf+yfJHZHOJWQh7lK2v50R6Y0g3TJ18w=="
        },
        "@microsoft/recognizers-text-number": {
          "version": "1.0.1",
          "resolved": "https://registry.npmjs.org/@microsoft/recognizers-text-number/-/recognizers-text-number-1.0.1.tgz",
          "integrity": "sha512-eMhzRfWmzGaGdeBi+1vTtJ6AtTqhHNetJ+Rdt6isiv+R3+i18bzR2YzIOzIdHRhnApf0mbJG3wMEbWdWQBhvyg==",
          "requires": {
            "@microsoft/recognizers-text": "1.0.1",
            "bignumber.js": "4.1.0",
            "lodash.escaperegexp": "4.1.2",
            "lodash.sortby": "4.7.0",
            "lodash.trimend": "4.5.1",
            "xregexp": "3.2.0"
          }
        },
        "@microsoft/recognizers-text-number-with-unit": {
          "version": "1.0.1",
          "resolved": "https://registry.npmjs.org/@microsoft/recognizers-text-number-with-unit/-/recognizers-text-number-with-unit-1.0.1.tgz",
          "integrity": "sha512-g4Tum3sxkbeI52eYQX+h8t97Ww1TJi6M+bIpjB4/go7trmq/w005oFxnARmrJQNMQUukEHeQ0GGqR/uMe75SzA==",
          "requires": {
            "@microsoft/recognizers-text": "1.0.1",
            "@microsoft/recognizers-text-number": "1.0.1",
            "lodash.escaperegexp": "4.1.2",
            "lodash.last": "3.0.0",
            "lodash.max": "4.0.1"
          }
        },
        "bignumber.js": {
          "version": "4.1.0",
          "resolved": "https://registry.npmjs.org/bignumber.js/-/bignumber.js-4.1.0.tgz",
          "integrity": "sha512-eJzYkFYy9L4JzXsbymsFn3p54D+llV27oTQ+ziJG7WFRheJcNZilgVXMG0LoZtlQSKBsJdWtLFqOD0u+U0jZKA=="
        }
      }
    },
    "@types/node": {
      "version": "9.6.34",
      "resolved": "https://registry.npmjs.org/@types/node/-/node-9.6.34.tgz",
      "integrity": "sha512-PzJpSs2afoYqBA4yLBgaKUdZRk8+1yvkxcUBW6958h4vYOC+pc4k4C+QmQ6AO5Pt7uA4EIIboFog6YNCuITD0g=="
    },
    "assert": {
      "version": "1.4.1",
      "resolved": "https://registry.npmjs.org/assert/-/assert-1.4.1.tgz",
      "integrity": "sha1-mZEtWRg2tab1s0XA8H7vwI/GXZE=",
      "requires": {
        "util": "0.10.3"
      }
    },
    "bignumber.js": {
      "version": "7.2.1",
      "resolved": "https://registry.npmjs.org/bignumber.js/-/bignumber.js-7.2.1.tgz",
      "integrity": "sha512-S4XzBk5sMB+Rcb/LNcpzXr57VRTxgAvaAEDAl1AwRx27j00hT84O6OkteE7u8UB3NuaaygCRrEpqox4uDOrbdQ=="
    },
    "botbuilder-core": {
      "version": "4.0.6",
      "resolved": "https://registry.npmjs.org/botbuilder-core/-/botbuilder-core-4.0.6.tgz",
      "integrity": "sha512-23OE1MOQStQDIL2379O9gMgq/t4LcgXzr9+odFTK8WYpl9FSTelwntb8PIeW4fToqV/palQbmCDLNrFtQ/X7ug==",
      "requires": {
        "assert": "1.4.1",
        "botframework-schema": "4.0.6"
      }
    },
    "botbuilder-dialogs": {
      "version": "4.0.6",
      "resolved": "https://registry.npmjs.org/botbuilder-dialogs/-/botbuilder-dialogs-4.0.6.tgz",
      "integrity": "sha512-eTK15Dw4jo4FBT1AACMkDfwUhKoWssLmYSfqMbMy1zJIOSFfrWKaoTr9JUpygho0naPZPXEZGo3ymAv/jQGw9g==",
      "requires": {
        "@microsoft/recognizers-text-choice": "1.0.1",
        "@microsoft/recognizers-text-date-time": "1.0.1",
        "@microsoft/recognizers-text-number": "1.0.1",
        "@microsoft/recognizers-text-suite": "1.0.1",
        "@types/node": "9.6.34",
        "botbuilder-core": "4.0.6"
      },
      "dependencies": {
        "@microsoft/recognizers-text": {
          "version": "1.0.1",
          "resolved": "https://registry.npmjs.org/@microsoft/recognizers-text/-/recognizers-text-1.0.1.tgz",
          "integrity": "sha512-BZbI6YiLrWRd/jAYgSpLQ+Otl3WYMctefh7Myw6jqMdHhADaj5WpwOdf+yfJHZHOJWQh7lK2v50R6Y0g3TJ18w=="
        },
        "@microsoft/recognizers-text-number": {
          "version": "1.0.1",
          "resolved": "https://registry.npmjs.org/@microsoft/recognizers-text-number/-/recognizers-text-number-1.0.1.tgz",
          "integrity": "sha512-eMhzRfWmzGaGdeBi+1vTtJ6AtTqhHNetJ+Rdt6isiv+R3+i18bzR2YzIOzIdHRhnApf0mbJG3wMEbWdWQBhvyg==",
          "requires": {
            "@microsoft/recognizers-text": "1.0.1",
            "bignumber.js": "4.1.0",
            "lodash.escaperegexp": "4.1.2",
            "lodash.sortby": "4.7.0",
            "lodash.trimend": "4.5.1",
            "xregexp": "3.2.0"
          }
        },
        "bignumber.js": {
          "version": "4.1.0",
          "resolved": "https://registry.npmjs.org/bignumber.js/-/bignumber.js-4.1.0.tgz",
          "integrity": "sha512-eJzYkFYy9L4JzXsbymsFn3p54D+llV27oTQ+ziJG7WFRheJcNZilgVXMG0LoZtlQSKBsJdWtLFqOD0u+U0jZKA=="
        }
      }
    },
    "botframework-schema": {
      "version": "4.0.6",
      "resolved": "https://registry.npmjs.org/botframework-schema/-/botframework-schema-4.0.6.tgz",
      "integrity": "sha512-FoOSWio0ZkpE3nCGsv5Yz5GbmT29uuFBwTsK9t0+MTv7pAmM+MDrqG3A1Ed99N0oQXr59yacEvx5Zdaeb6Xw5Q==",
      "requires": {
        "@types/node": "9.6.34"
      }
    },
    "grapheme-splitter": {
      "version": "1.0.4",
      "resolved": "https://registry.npmjs.org/grapheme-splitter/-/grapheme-splitter-1.0.4.tgz",
      "integrity": "sha512-bzh50DW9kTPM00T8y4o8vQg89Di9oLJVLW/KaOGIXJWP/iqCN6WKYkbNOF04vFLJhwcpYUh9ydh/+5vpOqV4YQ=="
    },
    "inherits": {
      "version": "2.0.1",
      "resolved": "https://registry.npmjs.org/inherits/-/inherits-2.0.1.tgz",
      "integrity": "sha1-sX0I0ya0Qj5Wjv9xn5GwscvfafE="
    },
    "lodash.escaperegexp": {
      "version": "4.1.2",
      "resolved": "https://registry.npmjs.org/lodash.escaperegexp/-/lodash.escaperegexp-4.1.2.tgz",
      "integrity": "sha1-ZHYsSGGAglGKw99Mz11YhtriA0c="
    },
    "lodash.isequal": {
      "version": "4.5.0",
      "resolved": "https://registry.npmjs.org/lodash.isequal/-/lodash.isequal-4.5.0.tgz",
      "integrity": "sha1-QVxEePK8wwEgwizhDtMib30+GOA="
    },
    "lodash.last": {
      "version": "3.0.0",
      "resolved": "https://registry.npmjs.org/lodash.last/-/lodash.last-3.0.0.tgz",
      "integrity": "sha1-JC9mMRLdTG5jcoxgo8kJ0b2tvUw="
    },
    "lodash.max": {
      "version": "4.0.1",
      "resolved": "https://registry.npmjs.org/lodash.max/-/lodash.max-4.0.1.tgz",
      "integrity": "sha1-hzVWbGGLNan3YFILSHrnllivE2o="
    },
    "lodash.sortby": {
      "version": "4.7.0",
      "resolved": "https://registry.npmjs.org/lodash.sortby/-/lodash.sortby-4.7.0.tgz",
      "integrity": "sha1-7dFMgk4sycHgsKG0K7UhBRakJDg="
    },
    "lodash.tonumber": {
      "version": "4.0.3",
      "resolved": "https://registry.npmjs.org/lodash.tonumber/-/lodash.tonumber-4.0.3.tgz",
      "integrity": "sha1-C5azGzVnJ5Prf1pj7nkfG56QJdk="
    },
    "lodash.trimend": {
      "version": "4.5.1",
      "resolved": "https://registry.npmjs.org/lodash.trimend/-/lodash.trimend-4.5.1.tgz",
      "integrity": "sha1-EoBENyhrmMrYmWt5QU4RMAEUCC8="
    },
    "util": {
      "version": "0.10.3",
      "resolved": "https://registry.npmjs.org/util/-/util-0.10.3.tgz",
      "integrity": "sha1-evsa/lCAUkZInj23/g7TeTNqwPk=",
      "requires": {
        "inherits": "2.0.1"
      }
    },
    "xregexp": {
      "version": "3.2.0",
      "resolved": "https://registry.npmjs.org/xregexp/-/xregexp-3.2.0.tgz",
      "integrity": "sha1-yzYBmHv+JpW1hAAMGPHEqMMih44="
    }
  }
}
